
Microsoft Visual Studio Solution File, Format Version 12.00
# Visual Studio 14
VisualStudioVersion = 14.0.23107.0
MinimumVisualStudioVersion = 10.0.40219.1
Project("{FAE04EC0-301F-11D3-BF4B-00C04F79EFBC}") = "Moses", "Moses\Moses.csproj", "{FA2F2832-EA99-481B-8509-1E3C7A2F1DA5}"
EndProject
Project("{FAE04EC0-301F-11D3-BF4B-00C04F79EFBC}") = "Moses.Web", "Moses.Web\Moses.Web.csproj", "{AD3958C6-20DD-4075-B8F2-23F067EE5F0F}"
EndProject
Project("{FAE04EC0-301F-11D3-BF4B-00C04F79EFBC}") = "MosesPackager", "MosesPackager\MosesPackager.csproj", "{0451BAEF-DF2E-4B98-8644-94EE9415E389}"
EndProject
Project("{FAE04EC0-301F-11D3-BF4B-00C04F79EFBC}") = "Moses.Test", "MosesTest\Moses.Test.csproj", "{B71C958A-97E6-49F2-AA86-A08E3FD0D8AE}"
EndProject
Global
	GlobalSection(SolutionConfigurationPlatforms) = preSolution
		Debug|Any CPU = Debug|Any CPU
		Debug|x64 = Debug|x64
		Debug|x86 = Debug|x86
		Publish|Any CPU = Publish|Any CPU
		Publish|x64 = Publish|x64
		Publish|x86 = Publish|x86
		Release|Any CPU = Release|Any CPU
		Release|x64 = Release|x64
		Release|x86 = Release|x86
	EndGlobalSection
	GlobalSection(ProjectConfigurationPlatforms) = postSolution
		{FA2F2832-EA99-481B-8509-1E3C7A2F1DA5}.Debug|Any CPU.ActiveCfg = Debug|Any CPU
		{FA2F2832-EA99-481B-8509-1E3C7A2F1DA5}.Debug|Any CPU.Build.0 = Debug|Any CPU
		{FA2F2832-EA99-481B-8509-1E3C7A2F1DA5}.Debug|x64.ActiveCfg = Debug|x64
		{FA2F2832-EA99-481B-8509-1E3C7A2F1DA5}.Debug|x64.Build.0 = Debug|x64
		{FA2F2832-EA99-481B-8509-1E3C7A2F1DA5}.Debug|x86.ActiveCfg = Debug|Any CPU
		{FA2F2832-EA99-481B-8509-1E3C7A2F1DA5}.Debug|x86.Build.0 = Debug|Any CPU
		{FA2F2832-EA99-481B-8509-1E3C7A2F1DA5}.Publish|Any CPU.ActiveCfg = Release|Any CPU
		{FA2F2832-EA99-481B-8509-1E3C7A2F1DA5}.Publish|Any CPU.Build.0 = Release|Any CPU
		{FA2F2832-EA99-481B-8509-1E3C7A2F1DA5}.Publish|x64.ActiveCfg = Release|x64
		{FA2F2832-EA99-481B-8509-1E3C7A2F1DA5}.Publish|x64.Build.0 = Release|x64
		{FA2F2832-EA99-481B-8509-1E3C7A2F1DA5}.Publish|x86.ActiveCfg = Release|Any CPU
		{FA2F2832-EA99-481B-8509-1E3C7A2F1DA5}.Publish|x86.Build.0 = Release|Any CPU
		{FA2F2832-EA99-481B-8509-1E3C7A2F1DA5}.Release|Any CPU.ActiveCfg = Release|Any CPU
		{FA2F2832-EA99-481B-8509-1E3C7A2F1DA5}.Release|Any CPU.Build.0 = Release|Any CPU
		{FA2F2832-EA99-481B-8509-1E3C7A2F1DA5}.Release|x64.ActiveCfg = Release|x64
		{FA2F2832-EA99-481B-8509-1E3C7A2F1DA5}.Release|x64.Build.0 = Release|x64
		{FA2F2832-EA99-481B-8509-1E3C7A2F1DA5}.Release|x86.ActiveCfg = Release|Any CPU
		{FA2F2832-EA99-481B-8509-1E3C7A2F1DA5}.Release|x86.Build.0 = Release|Any CPU
		{AD3958C6-20DD-4075-B8F2-23F067EE5F0F}.Debug|Any CPU.ActiveCfg = Debug|Any CPU
		{AD3958C6-20DD-4075-B8F2-23F067EE5F0F}.Debug|Any CPU.Build.0 = Debug|Any CPU
		{AD3958C6-20DD-4075-B8F2-23F067EE5F0F}.Debug|x64.ActiveCfg = Debug|x64
		{AD3958C6-20DD-4075-B8F2-23F067EE5F0F}.Debug|x64.Build.0 = Debug|x64
		{AD3958C6-20DD-4075-B8F2-23F067EE5F0F}.Debug|x86.ActiveCfg = Debug|Any CPU
		{AD3958C6-20DD-4075-B8F2-23F067EE5F0F}.Debug|x86.Build.0 = Debug|Any CPU
		{AD3958C6-20DD-4075-B8F2-23F067EE5F0F}.Publish|Any CPU.ActiveCfg = Release|Any CPU
		{AD3958C6-20DD-4075-B8F2-23F067EE5F0F}.Publish|Any CPU.Build.0 = Release|Any CPU
		{AD3958C6-20DD-4075-B8F2-23F067EE5F0F}.Publish|x64.ActiveCfg = Release|x64
		{AD3958C6-20DD-4075-B8F2-23F067EE5F0F}.Publish|x64.Build.0 = Release|x64
		{AD3958C6-20DD-4075-B8F2-23F067EE5F0F}.Publish|x86.ActiveCfg = Release|Any CPU
		{AD3958C6-20DD-4075-B8F2-23F067EE5F0F}.Publish|x86.Build.0 = Release|Any CPU
		{AD3958C6-20DD-4075-B8F2-23F067EE5F0F}.Release|Any CPU.ActiveCfg = Release|Any CPU
		{AD3958C6-20DD-4075-B8F2-23F067EE5F0F}.Release|Any CPU.Build.0 = Release|Any CPU
		{AD3958C6-20DD-4075-B8F2-23F067EE5F0F}.Release|x64.ActiveCfg = Release|x64
		{AD3958C6-20DD-4075-B8F2-23F067EE5F0F}.Release|x64.Build.0 = Release|x64
		{AD3958C6-20DD-4075-B8F2-23F067EE5F0F}.Release|x86.ActiveCfg = Release|Any CPU
		{AD3958C6-20DD-4075-B8F2-23F067EE5F0F}.Release|x86.Build.0 = Release|Any CPU
		{0451BAEF-DF2E-4B98-8644-94EE9415E389}.Debug|Any CPU.ActiveCfg = Debug|Any CPU
		{0451BAEF-DF2E-4B98-8644-94EE9415E389}.Debug|Any CPU.Build.0 = Debug|Any CPU
		{0451BAEF-DF2E-4B98-8644-94EE9415E389}.Debug|x64.ActiveCfg = Debug|Any CPU
		{0451BAEF-DF2E-4B98-8644-94EE9415E389}.Debug|x64.Build.0 = Debug|Any CPU
		{0451BAEF-DF2E-4B98-8644-94EE9415E389}.Debug|x86.ActiveCfg = Debug|Any CPU
		{0451BAEF-DF2E-4B98-8644-94EE9415E389}.Debug|x86.Build.0 = Debug|Any CPU
		{0451BAEF-DF2E-4B98-8644-94EE9415E389}.Publish|Any CPU.ActiveCfg = Release|Any CPU
		{0451BAEF-DF2E-4B98-8644-94EE9415E389}.Publish|Any CPU.Build.0 = Release|Any CPU
		{0451BAEF-DF2E-4B98-8644-94EE9415E389}.Publish|x64.ActiveCfg = Release|Any CPU
		{0451BAEF-DF2E-4B98-8644-94EE9415E389}.Publish|x64.Build.0 = Release|Any CPU
		{0451BAEF-DF2E-4B98-8644-94EE9415E389}.Publish|x86.ActiveCfg = Release|Any CPU
		{0451BAEF-DF2E-4B98-8644-94EE9415E389}.Publish|x86.Build.0 = Release|Any CPU
		{0451BAEF-DF2E-4B98-8644-94EE9415E389}.Release|Any CPU.ActiveCfg = Release|Any CPU
		{0451BAEF-DF2E-4B98-8644-94EE9415E389}.Release|x64.ActiveCfg = Release|Any CPU
		{0451BAEF-DF2E-4B98-8644-94EE9415E389}.Release|x64.Build.0 = Release|Any CPU
		{0451BAEF-DF2E-4B98-8644-94EE9415E389}.Release|x86.ActiveCfg = Release|Any CPU
		{0451BAEF-DF2E-4B98-8644-94EE9415E389}.Release|x86.Build.0 = Release|Any CPU
		{B71C958A-97E6-49F2-AA86-A08E3FD0D8AE}.Debug|Any CPU.ActiveCfg = Debug|Any CPU
		{B71C958A-97E6-49F2-AA86-A08E3FD0D8AE}.Debug|Any CPU.Build.0 = Debug|Any CPU
		{B71C958A-97E6-49F2-AA86-A08E3FD0D8AE}.Debug|x64.ActiveCfg = Debug|Any CPU
		{B71C958A-97E6-49F2-AA86-A08E3FD0D8AE}.Debug|x64.Build.0 = Debug|Any CPU
		{B71C958A-97E6-49F2-AA86-A08E3FD0D8AE}.Debug|x86.ActiveCfg = Debug|x86
		{B71C958A-97E6-49F2-AA86-A08E3FD0D8AE}.Debug|x86.Build.0 = Debug|x86
		{B71C958A-97E6-49F2-AA86-A08E3FD0D8AE}.Publish|Any CPU.ActiveCfg = Release|Any CPU
		{B71C958A-97E6-49F2-AA86-A08E3FD0D8AE}.Publish|Any CPU.Build.0 = Release|Any CPU
		{B71C958A-97E6-49F2-AA86-A08E3FD0D8AE}.Publish|x64.ActiveCfg = Release|Any CPU
		{B71C958A-97E6-49F2-AA86-A08E3FD0D8AE}.Publish|x64.Build.0 = Release|Any CPU
		{B71C958A-97E6-49F2-AA86-A08E3FD0D8AE}.Publish|x86.ActiveCfg = Release|x86
		{B71C958A-97E6-49F2-AA86-A08E3FD0D8AE}.Publish|x86.Build.0 = Release|x86
		{B71C958A-97E6-49F2-AA86-A08E3FD0D8AE}.Release|Any CPU.ActiveCfg = Release|Any CPU
		{B71C958A-97E6-49F2-AA86-A08E3FD0D8AE}.Release|Any CPU.Build.0 = Release|Any CPU
		{B71C958A-97E6-49F2-AA86-A08E3FD0D8AE}.Release|x64.ActiveCfg = Release|Any CPU
		{B71C958A-97E6-49F2-AA86-A08E3FD0D8AE}.Release|x64.Build.0 = Release|Any CPU
		{B71C958A-97E6-49F2-AA86-A08E3FD0D8AE}.Release|x86.ActiveCfg = Release|x86
		{B71C958A-97E6-49F2-AA86-A08E3FD0D8AE}.Release|x86.Build.0 = Release|x86
	EndGlobalSection
	GlobalSection(SolutionProperties) = preSolution
		HideSolutionNode = FALSE
	EndGlobalSection
EndGlobal
