
Microsoft Visual Studio Solution File, Format Version 12.00
# Visual Studio 15
VisualStudioVersion = 15.0.26730.8
MinimumVisualStudioVersion = 10.0.40219.1
Project("{9A19103F-16F7-4668-BE54-9A1E7A4F7556}") = "Moses", "Moses\Moses.csproj", "{AD40B8C1-F735-412C-A3B4-791D7C068641}"
EndProject
Project("{9A19103F-16F7-4668-BE54-9A1E7A4F7556}") = "Moses.Test", "Test\Moses.Test.csproj", "{AC1D3F16-9B16-44F3-8AAA-56031A8889E5}"
EndProject
Project("{2150E333-8FDC-42A3-9474-1A3956D46DE8}") = "SolutionFiles", "SolutionFiles", "{AE4D1631-AD3C-429F-BC47-BF4F2791FFC7}"
	ProjectSection(SolutionItems) = preProject
		.gitignore = .gitignore
		appveyor.yml = appveyor.yml
	EndProjectSection
EndProject
Global
	GlobalSection(SolutionConfigurationPlatforms) = preSolution
		Debug|Any CPU = Debug|Any CPU
		Release|Any CPU = Release|Any CPU
	EndGlobalSection
	GlobalSection(ProjectConfigurationPlatforms) = postSolution
		{AD40B8C1-F735-412C-A3B4-791D7C068641}.Debug|Any CPU.ActiveCfg = Debug|Any CPU
		{AD40B8C1-F735-412C-A3B4-791D7C068641}.Debug|Any CPU.Build.0 = Debug|Any CPU
		{AD40B8C1-F735-412C-A3B4-791D7C068641}.Release|Any CPU.ActiveCfg = Release|Any CPU
		{AD40B8C1-F735-412C-A3B4-791D7C068641}.Release|Any CPU.Build.0 = Release|Any CPU
		{AC1D3F16-9B16-44F3-8AAA-56031A8889E5}.Debug|Any CPU.ActiveCfg = Debug|Any CPU
		{AC1D3F16-9B16-44F3-8AAA-56031A8889E5}.Debug|Any CPU.Build.0 = Debug|Any CPU
		{AC1D3F16-9B16-44F3-8AAA-56031A8889E5}.Release|Any CPU.ActiveCfg = Release|Any CPU
		{AC1D3F16-9B16-44F3-8AAA-56031A8889E5}.Release|Any CPU.Build.0 = Release|Any CPU
	EndGlobalSection
	GlobalSection(SolutionProperties) = preSolution
		HideSolutionNode = FALSE
	EndGlobalSection
	GlobalSection(ExtensibilityGlobals) = postSolution
		SolutionGuid = {054A2FDD-148C-4A56-A1D5-831AE11AA048}
	EndGlobalSection
EndGlobal
